// !$*UTF8*$!
{
	archiveVersion = 1;
	classes = {
	};
	objectVersion = 46;
	objects = {

/* Begin PBXBuildFile section */
		095BE39C1B0F04D000E58C91 /* main.m in Sources */ = {isa = PBXBuildFile; fileRef = 095BE39B1B0F04D000E58C91 /* main.m */; };
		095BE39F1B0F04D000E58C91 /* AppDelegate.m in Sources */ = {isa = PBXBuildFile; fileRef = 095BE39E1B0F04D000E58C91 /* AppDelegate.m */; };
		095BE3A21B0F04D000E58C91 /* ViewController.m in Sources */ = {isa = PBXBuildFile; fileRef = 095BE3A11B0F04D000E58C91 /* ViewController.m */; };
		095BE3A51B0F04D000E58C91 /* Main.storyboard in Resources */ = {isa = PBXBuildFile; fileRef = 095BE3A31B0F04D000E58C91 /* Main.storyboard */; };
		095BE3A71B0F04D000E58C91 /* Images.xcassets in Resources */ = {isa = PBXBuildFile; fileRef = 095BE3A61B0F04D000E58C91 /* Images.xcassets */; };
		095BE3AA1B0F04D000E58C91 /* LaunchScreen.xib in Resources */ = {isa = PBXBuildFile; fileRef = 095BE3A81B0F04D000E58C91 /* LaunchScreen.xib */; };
		095BE3B61B0F04D000E58C91 /* DemoTests.m in Sources */ = {isa = PBXBuildFile; fileRef = 095BE3B51B0F04D000E58C91 /* DemoTests.m */; };
		095BE3C01B0F053B00E58C91 /* MultipeerConnectivity.framework in Frameworks */ = {isa = PBXBuildFile; fileRef = 095BE3BF1B0F053B00E58C91 /* MultipeerConnectivity.framework */; };
/* End PBXBuildFile section */

/* Begin PBXContainerItemProxy section */
		095BE3B01B0F04D000E58C91 /* PBXContainerItemProxy */ = {
			isa = PBXContainerItemProxy;
			containerPortal = 095BE38E1B0F04D000E58C91 /* Project object */;
			proxyType = 1;
			remoteGlobalIDString = 095BE3951B0F04D000E58C91;
			remoteInfo = Demo;
		};
/* End PBXContainerItemProxy section */

/* Begin PBXFileReference section */
		095BE3961B0F04D000E58C91 /* Demo.app */ = {isa = PBXFileReference; explicitFileType = wrapper.application; includeInIndex = 0; path = Demo.app; sourceTree = BUILT_PRODUCTS_DIR; };
		095BE39A1B0F04D000E58C91 /* Info.plist */ = {isa = PBXFileReference; lastKnownFileType = text.plist.xml; path = Info.plist; sourceTree = "<group>"; };
		095BE39B1B0F04D000E58C91 /* main.m */ = {isa = PBXFileReference; lastKnownFileType = sourcecode.c.objc; path = main.m; sourceTree = "<group>"; };
		095BE39D1B0F04D000E58C91 /* AppDelegate.h */ = {isa = PBXFileReference; lastKnownFileType = sourcecode.c.h; path = AppDelegate.h; sourceTree = "<group>"; };
		095BE39E1B0F04D000E58C91 /* AppDelegate.m */ = {isa = PBXFileReference; lastKnownFileType = sourcecode.c.objc; path = AppDelegate.m; sourceTree = "<group>"; };
		095BE3A01B0F04D000E58C91 /* ViewController.h */ = {isa = PBXFileReference; lastKnownFileType = sourcecode.c.h; path = ViewController.h; sourceTree = "<group>"; };
		095BE3A11B0F04D000E58C91 /* ViewController.m */ = {isa = PBXFileReference; lastKnownFileType = sourcecode.c.objc; path = ViewController.m; sourceTree = "<group>"; };
		095BE3A41B0F04D000E58C91 /* Base */ = {isa = PBXFileReference; lastKnownFileType = file.storyboard; name = Base; path = Base.lproj/Main.storyboard; sourceTree = "<group>"; };
		095BE3A61B0F04D000E58C91 /* Images.xcassets */ = {isa = PBXFileReference; lastKnownFileType = folder.assetcatalog; path = Images.xcassets; sourceTree = "<group>"; };
		095BE3A91B0F04D000E58C91 /* Base */ = {isa = PBXFileReference; lastKnownFileType = file.xib; name = Base; path = Base.lproj/LaunchScreen.xib; sourceTree = "<group>"; };
		095BE3AF1B0F04D000E58C91 /* DemoTests.xctest */ = {isa = PBXFileReference; explicitFileType = wrapper.cfbundle; includeInIndex = 0; path = DemoTests.xctest; sourceTree = BUILT_PRODUCTS_DIR; };
		095BE3B41B0F04D000E58C91 /* Info.plist */ = {isa = PBXFileReference; lastKnownFileType = text.plist.xml; path = Info.plist; sourceTree = "<group>"; };
		095BE3B51B0F04D000E58C91 /* DemoTests.m */ = {isa = PBXFileReference; lastKnownFileType = sourcecode.c.objc; path = DemoTests.m; sourceTree = "<group>"; };
		095BE3BF1B0F053B00E58C91 /* MultipeerConnectivity.framework */ = {isa = PBXFileReference; lastKnownFileType = wrapper.framework; name = MultipeerConnectivity.framework; path = System/Library/Frameworks/MultipeerConnectivity.framework; sourceTree = SDKROOT; };
/* End PBXFileReference section */

/* Begin PBXFrameworksBuildPhase section */
		095BE3931B0F04D000E58C91 /* Frameworks */ = {
			isa = PBXFrameworksBuildPhase;
			buildActionMask = 2147483647;
			files = (
				095BE3C01B0F053B00E58C91 /* MultipeerConnectivity.framework in Frameworks */,
			);
			runOnlyForDeploymentPostprocessing = 0;
		};
		095BE3AC1B0F04D000E58C91 /* Frameworks */ = {
			isa = PBXFrameworksBuildPhase;
			buildActionMask = 2147483647;
			files = (
			);
			runOnlyForDeploymentPostprocessing = 0;
		};
/* End PBXFrameworksBuildPhase section */

/* Begin PBXGroup section */
		095BE38D1B0F04D000E58C91 = {
			isa = PBXGroup;
			children = (
				095BE3BF1B0F053B00E58C91 /* MultipeerConnectivity.framework */,
				095BE3981B0F04D000E58C91 /* Demo */,
				095BE3B21B0F04D000E58C91 /* DemoTests */,
				095BE3971B0F04D000E58C91 /* Products */,
			);
			sourceTree = "<group>";
		};
		095BE3971B0F04D000E58C91 /* Products */ = {
			isa = PBXGroup;
			children = (
				095BE3961B0F04D000E58C91 /* Demo.app */,
				095BE3AF1B0F04D000E58C91 /* DemoTests.xctest */,
			);
			name = Products;
			sourceTree = "<group>";
		};
		095BE3981B0F04D000E58C91 /* Demo */ = {
			isa = PBXGroup;
			children = (
				095BE39D1B0F04D000E58C91 /* AppDelegate.h */,
				095BE39E1B0F04D000E58C91 /* AppDelegate.m */,
				095BE3A01B0F04D000E58C91 /* ViewController.h */,
				095BE3A11B0F04D000E58C91 /* ViewController.m */,
				095BE3A31B0F04D000E58C91 /* Main.storyboard */,
				095BE3A61B0F04D000E58C91 /* Images.xcassets */,
				095BE3A81B0F04D000E58C91 /* LaunchScreen.xib */,
				095BE3991B0F04D000E58C91 /* Supporting Files */,
			);
			path = Demo;
			sourceTree = "<group>";
		};
		095BE3991B0F04D000E58C91 /* Supporting Files */ = {
			isa = PBXGroup;
			children = (
				095BE39A1B0F04D000E58C91 /* Info.plist */,
				095BE39B1B0F04D000E58C91 /* main.m */,
			);
			name = "Supporting Files";
			sourceTree = "<group>";
		};
		095BE3B21B0F04D000E58C91 /* DemoTests */ = {
			isa = PBXGroup;
			children = (
				095BE3B51B0F04D000E58C91 /* DemoTests.m */,
				095BE3B31B0F04D000E58C91 /* Supporting Files */,
			);
			path = DemoTests;
			sourceTree = "<group>";
		};
		095BE3B31B0F04D000E58C91 /* Supporting Files */ = {
			isa = PBXGroup;
			children = (
				095BE3B41B0F04D000E58C91 /* Info.plist */,
			);
			name = "Supporting Files";
			sourceTree = "<group>";
		};
/* End PBXGroup section */

/* Begin PBXNativeTarget section */
		095BE3951B0F04D000E58C91 /* Demo */ = {
			isa = PBXNativeTarget;
			buildConfigurationList = 095BE3B91B0F04D000E58C91 /* Build configuration list for PBXNativeTarget "Demo" */;
			buildPhases = (
				095BE3921B0F04D000E58C91 /* Sources */,
				095BE3931B0F04D000E58C91 /* Frameworks */,
				095BE3941B0F04D000E58C91 /* Resources */,
			);
			buildRules = (
			);
			dependencies = (
			);
			name = Demo;
			productName = Demo;
			productReference = 095BE3961B0F04D000E58C91 /* Demo.app */;
			productType = "com.apple.product-type.application";
		};
		095BE3AE1B0F04D000E58C91 /* DemoTests */ = {
			isa = PBXNativeTarget;
			buildConfigurationList = 095BE3BC1B0F04D000E58C91 /* Build configuration list for PBXNativeTarget "DemoTests" */;
			buildPhases = (
				095BE3AB1B0F04D000E58C91 /* Sources */,
				095BE3AC1B0F04D000E58C91 /* Frameworks */,
				095BE3AD1B0F04D000E58C91 /* Resources */,
			);
			buildRules = (
			);
			dependencies = (
				095BE3B11B0F04D000E58C91 /* PBXTargetDependency */,
			);
			name = DemoTests;
			productName = DemoTests;
			productReference = 095BE3AF1B0F04D000E58C91 /* DemoTests.xctest */;
			productType = "com.apple.product-type.bundle.unit-test";
		};
/* End PBXNativeTarget section */

/* Begin PBXProject section */
		095BE38E1B0F04D000E58C91 /* Project object */ = {
			isa = PBXProject;
			attributes = {
				LastUpgradeCheck = 0630;
				ORGANIZATIONNAME = zhangdadi;
				TargetAttributes = {
					095BE3951B0F04D000E58C91 = {
						CreatedOnToolsVersion = 6.3;
					};
					095BE3AE1B0F04D000E58C91 = {
						CreatedOnToolsVersion = 6.3;
						TestTargetID = 095BE3951B0F04D000E58C91;
					};
				};
			};
			buildConfigurationList = 095BE3911B0F04D000E58C91 /* Build configuration list for PBXProject "Demo" */;
			compatibilityVersion = "Xcode 3.2";
			developmentRegion = English;
			hasScannedForEncodings = 0;
			knownRegions = (
				en,
				Base,
			);
			mainGroup = 095BE38D1B0F04D000E58C91;
			productRefGroup = 095BE3971B0F04D000E58C91 /* Products */;
			projectDirPath = "";
			projectRoot = "";
			targets = (
				095BE3951B0F04D000E58C91 /* Demo */,
				095BE3AE1B0F04D000E58C91 /* DemoTests */,
			);
		};
/* End PBXProject section */

/* Begin PBXResourcesBuildPhase section */
		095BE3941B0F04D000E58C91 /* Resources */ = {
			isa = PBXResourcesBuildPhase;
			buildActionMask = 2147483647;
			files = (
				095BE3A51B0F04D000E58C91 /* Main.storyboard in Resources */,
				095BE3AA1B0F04D000E58C91 /* LaunchScreen.xib in Resources */,
				095BE3A71B0F04D000E58C91 /* Images.xcassets in Resources */,
			);
			runOnlyForDeploymentPostprocessing = 0;
		};
		095BE3AD1B0F04D000E58C91 /* Resources */ = {
			isa = PBXResourcesBuildPhase;
			buildActionMask = 2147483647;
			files = (
			);
			runOnlyForDeploymentPostprocessing = 0;
		};
/* End PBXResourcesBuildPhase section */

/* Begin PBXSourcesBuildPhase section */
		095BE3921B0F04D000E58C91 /* Sources */ = {
			isa = PBXSourcesBuildPhase;
			buildActionMask = 2147483647;
			files = (
				095BE3A21B0F04D000E58C91 /* ViewController.m in Sources */,
				095BE39F1B0F04D000E58C91 /* AppDelegate.m in Sources */,
				095BE39C1B0F04D000E58C91 /* main.m in Sources */,
			);
			runOnlyForDeploymentPostprocessing = 0;
		};
		095BE3AB1B0F04D000E58C91 /* Sources */ = {
			isa = PBXSourcesBuildPhase;
			buildActionMask = 2147483647;
			files = (
				095BE3B61B0F04D000E58C91 /* DemoTests.m in Sources */,
			);
			runOnlyForDeploymentPostprocessing = 0;
		};
/* End PBXSourcesBuildPhase section */

/* Begin PBXTargetDependency section */
		095BE3B11B0F04D000E58C91 /* PBXTargetDependency */ = {
			isa = PBXTargetDependency;
			target = 095BE3951B0F04D000E58C91 /* Demo */;
			targetProxy = 095BE3B01B0F04D000E58C91 /* PBXContainerItemProxy */;
		};
/* End PBXTargetDependency section */

/* Begin PBXVariantGroup section */
		095BE3A31B0F04D000E58C91 /* Main.storyboard */ = {
			isa = PBXVariantGroup;
			children = (
				095BE3A41B0F04D000E58C91 /* Base */,
			);
			name = Main.storyboard;
			sourceTree = "<group>";
		};
		095BE3A81B0F04D000E58C91 /* LaunchScreen.xib */ = {
			isa = PBXVariantGroup;
			children = (
				095BE3A91B0F04D000E58C91 /* Base */,
			);
			name = LaunchScreen.xib;
			sourceTree = "<group>";
		};
/* End PBXVariantGroup section */

/* Begin XCBuildConfiguration section */
		095BE3B71B0F04D000E58C91 /* Debug */ = {
			isa = XCBuildConfiguration;
			buildSettings = {
				ALWAYS_SEARCH_USER_PATHS = NO;
				CLANG_CXX_LANGUAGE_STANDARD = "gnu++0x";
				CLANG_CXX_LIBRARY = "libc++";
				CLANG_ENABLE_MODULES = YES;
				CLANG_ENABLE_OBJC_ARC = YES;
				CLANG_WARN_BOOL_CONVERSION = YES;
				CLANG_WARN_CONSTANT_CONVERSION = YES;
				CLANG_WARN_DIRECT_OBJC_ISA_USAGE = YES_ERROR;
				CLANG_WARN_EMPTY_BODY = YES;
				CLANG_WARN_ENUM_CONVERSION = YES;
				CLANG_WARN_INT_CONVERSION = YES;
				CLANG_WARN_OBJC_ROOT_CLASS = YES_ERROR;
				CLANG_WARN_UNREACHABLE_CODE = YES;
				CLANG_WARN__DUPLICATE_METHOD_MATCH = YES;
				"CODE_SIGN_IDENTITY[sdk=iphoneos*]" = "iPhone Developer";
				COPY_PHASE_STRIP = NO;
				DEBUG_INFORMATION_FORMAT = "dwarf-with-dsym";
				ENABLE_STRICT_OBJC_MSGSEND = YES;
				GCC_C_LANGUAGE_STANDARD = gnu99;
				GCC_DYNAMIC_NO_PIC = NO;
				GCC_NO_COMMON_BLOCKS = YES;
				GCC_OPTIMIZATION_LEVEL = 0;
				GCC_PREPROCESSOR_DEFINITIONS = (
					"DEBUG=1",
					"$(inherited)",
				);
				GCC_SYMBOLS_PRIVATE_EXTERN = NO;
				GCC_WARN_64_TO_32_BIT_CONVERSION = YES;
				GCC_WARN_ABOUT_RETURN_TYPE = YES_ERROR;
				GCC_WARN_UNDECLARED_SELECTOR = YES;
				GCC_WARN_UNINITIALIZED_AUTOS = YES_AGGRESSIVE;
				GCC_WARN_UNUSED_FUNCTION = YES;
				GCC_WARN_UNUSED_VARIABLE = YES;
				IPHONEOS_DEPLOYMENT_TARGET = 7.0;
				MTL_ENABLE_DEBUG_INFO = YES;
				ONLY_ACTIVE_ARCH = YES;
				SDKROOT = iphoneos;
			};
			name = Debug;
		};
		095BE3B81B0F04D000E58C91 /* Release */ = {
			isa = XCBuildConfiguration;
			buildSettings = {
				ALWAYS_SEARCH_USER_PATHS = NO;
				CLANG_CXX_LANGUAGE_STANDARD = "gnu++0x";
				CLANG_CXX_LIBRARY = "libc++";
				CLANG_ENABLE_MODULES = YES;
				CLANG_ENABLE_OBJC_ARC = YES;
				CLANG_WARN_BOOL_CONVERSION = YES;
				CLANG_WARN_CONSTANT_CONVERSION = YES;
				CLANG_WARN_DIRECT_OBJC_ISA_USAGE = YES_ERROR;
				CLANG_WARN_EMPTY_BODY = YES;
				CLANG_WARN_ENUM_CONVERSION = YES;
				CLANG_WARN_INT_CONVERSION = YES;
				CLANG_WARN_OBJC_ROOT_CLASS = YES_ERROR;
				CLANG_WARN_UNREACHABLE_CODE = YES;
				CLANG_WARN__DUPLICATE_METHOD_MATCH = YES;
				"CODE_SIGN_IDENTITY[sdk=iphoneos*]" = "iPhone Developer";
				COPY_PHASE_STRIP = NO;
				DEBUG_INFORMATION_FORMAT = "dwarf-with-dsym";
				ENABLE_NS_ASSERTIONS = NO;
				ENABLE_STRICT_OBJC_MSGSEND = YES;
				GCC_C_LANGUAGE_STANDARD = gnu99;
				GCC_NO_COMMON_BLOCKS = YES;
				GCC_WARN_64_TO_32_BIT_CONVERSION = YES;
				GCC_WARN_ABOUT_RETURN_TYPE = YES_ERROR;
				GCC_WARN_UNDECLARED_SELECTOR = YES;
				GCC_WARN_UNINITIALIZED_AUTOS = YES_AGGRESSIVE;
				GCC_WARN_UNUSED_FUNCTION = YES;
				GCC_WARN_UNUSED_VARIABLE = YES;
				IPHONEOS_DEPLOYMENT_TARGET = 7.0;
				MTL_ENABLE_DEBUG_INFO = NO;
				SDKROOT = iphoneos;
				VALIDATE_PRODUCT = YES;
			};
			name = Release;
		};
		095BE3BA1B0F04D000E58C91 /* Debug */ = {
			isa = XCBuildConfiguration;
			buildSettings = {
				ASSETCATALOG_COMPILER_APPICON_NAME = AppIcon;
				INFOPLIST_FILE = Demo/Info.plist;
				IPHONEOS_DEPLOYMENT_TARGET = 7.0;
				LD_RUNPATH_SEARCH_PATHS = "$(inherited) @executable_path/Frameworks";
				PRODUCT_NAME = "$(TARGET_NAME)";
			};
			name = Debug;
		};
		095BE3BB1B0F04D000E58C91 /* Release */ = {
			isa = XCBuildConfiguration;
			buildSettings = {
				ASSETCATALOG_COMPILER_APPICON_NAME = AppIcon;
				INFOPLIST_FILE = Demo/Info.plist;
				IPHONEOS_DEPLOYMENT_TARGET = 7.0;
				LD_RUNPATH_SEARCH_PATHS = "$(inherited) @executable_path/Frameworks";
				PRODUCT_NAME = "$(TARGET_NAME)";
			};
			name = Release;
		};
		095BE3BD1B0F04D000E58C91 /* Debug */ = {
			isa = XCBuildConfiguration;
			buildSettings = {
				BUNDLE_LOADER = "$(TEST_HOST)";
				FRAMEWORK_SEARCH_PATHS = (
					"$(SDKROOT)/Developer/Library/Frameworks",
					"$(inherited)",
				);
				GCC_PREPROCESSOR_DEFINITIONS = (
					"DEBUG=1",
					"$(inherited)",
				);
				INFOPLIST_FILE = DemoTests/Info.plist;
				LD_RUNPATH_SEARCH_PATHS = "$(inherited) @executable_path/Frameworks @loader_path/Frameworks";
				PRODUCT_NAME = "$(TARGET_NAME)";
				TEST_HOST = "$(BUILT_PRODUCTS_DIR)/Demo.app/Demo";
			};
			name = Debug;
		};
		095BE3BE1B0F04D000E58C91 /* Release */ = {
			isa = XCBuildConfiguration;
			buildSettings = {
				BUNDLE_LOADER = "$(TEST_HOST)";
				FRAMEWORK_SEARCH_PATHS = (
					"$(SDKROOT)/Developer/Library/Frameworks",
					"$(inherited)",
				);
				INFOPLIST_FILE = DemoTests/Info.plist;
				LD_RUNPATH_SEARCH_PATHS = "$(inherited) @executable_path/Frameworks @loader_path/Frameworks";
				PRODUCT_NAME = "$(TARGET_NAME)";
				TEST_HOST = "$(BUILT_PRODUCTS_DIR)/Demo.app/Demo";
			};
			name = Release;
		};
/* End XCBuildConfiguration section */

/* Begin XCConfigurationList section */
		095BE3911B0F04D000E58C91 /* Build configuration list for PBXProject "Demo" */ = {
			isa = XCConfigurationList;
			buildConfigurations = (
				095BE3B71B0F04D000E58C91 /* Debug */,
				095BE3B81B0F04D000E58C91 /* Release */,
			);
			defaultConfigurationIsVisible = 0;
			defaultConfigurationName = Release;
		};
		095BE3B91B0F04D000E58C91 /* Build configuration list for PBXNativeTarget "Demo" */ = {
			isa = XCConfigurationList;
			buildConfigurations = (
				095BE3BA1B0F04D000E58C91 /* Debug */,
				095BE3BB1B0F04D000E58C91 /* Release */,
			);
			defaultConfigurationIsVisible = 0;
			defaultConfigurationName = Release;
		};
		095BE3BC1B0F04D000E58C91 /* Build configuration list for PBXNativeTarget "DemoTests" */ = {
			isa = XCConfigurationList;
			buildConfigurations = (
				095BE3BD1B0F04D000E58C91 /* Debug */,
				095BE3BE1B0F04D000E58C91 /* Release */,
			);
			defaultConfigurationIsVisible = 0;
			defaultConfigurationName = Release;
		};
/* End XCConfigurationList section */
	};
	rootObject = 095BE38E1B0F04D000E58C91 /* Project object */;
}
